{
  "version": 4,
  "terraform_version": "1.4.6",
  "serial": 3,
  "lineage": "a2fa3609-9f0f-f5ce-3b2a-7de1b59b1dba",
  "outputs": {
    "bucket_arn": {
      "value": "arn:aws:s3:::users-logo-image-teste",
      "type": "string"
    },
    "bucket_name": {
      "value": "users-logo-image-teste",
      "type": "string"
    }
  },
  "resources": [
    {
      "module": "module.bucket",
      "mode": "managed",
      "type": "aws_s3_bucket",
      "name": "bucket",
      "provider": "provider[\"registry.terraform.io/hashicorp/aws\"]",
      "instances": [
        {
          "schema_version": 0,
          "attributes": {
            "acceleration_status": "",
            "acl": null,
            "arn": "arn:aws:s3:::users-logo-image-teste",
            "bucket": "users-logo-image-teste",
            "bucket_domain_name": "users-logo-image-teste.s3.amazonaws.com",
            "bucket_prefix": null,
            "bucket_regional_domain_name": "users-logo-image-teste.s3.sa-east-1.amazonaws.com",
            "cors_rule": [],
            "force_destroy": false,
            "grant": [
              {
                "id": "75aa57f09aa0c8caeab4f8c24e99d10f8e7faeebf76c078efc7c6caea54ba06a",
                "permissions": [
                  "FULL_CONTROL"
                ],
                "type": "CanonicalUser",
                "uri": ""
              }
            ],
            "hosted_zone_id": "Z7KQH4QJS55SO",
            "id": "users-logo-image-teste",
            "lifecycle_rule": [],
            "logging": [],
            "object_lock_configuration": [],
            "object_lock_enabled": false,
            "policy": "",
            "region": "sa-east-1",
            "replication_configuration": [],
            "request_payer": "BucketOwner",
            "server_side_encryption_configuration": [],
            "tags": {
              "Name": "users-logo-image",
              "created_by": "Syed Umair Ali",
              "organization": "terraform",
              "project": "Terraform",
              "team": "DevOps"
            },
            "tags_all": {
              "Name": "users-logo-image",
              "created_by": "Syed Umair Ali",
              "organization": "terraform",
              "project": "Terraform",
              "team": "DevOps"
            },
            "timeouts": null,
            "versioning": [
              {
                "enabled": false,
                "mfa_delete": false
              }
            ],
            "website": [],
            "website_domain": null,
            "website_endpoint": null
          },
          "sensitive_attributes": [],
          "private": "eyJlMmJmYjczMC1lY2FhLTExZTYtOGY4OC0zNDM2M2JjN2M0YzAiOnsiY3JlYXRlIjoxMjAwMDAwMDAwMDAwLCJkZWxldGUiOjM2MDAwMDAwMDAwMDAsInJlYWQiOjEyMDAwMDAwMDAwMDAsInVwZGF0ZSI6MTIwMDAwMDAwMDAwMH19"
        }
      ]
    }
  ],
  "check_results": null
}
